
Microsoft Visual Studio Solution File, Format Version 12.00
# Visual Studio Version 16
VisualStudioVersion = 16.0.30907.101
MinimumVisualStudioVersion = 10.0.40219.1
Project("{9A19103F-16F7-4668-BE54-9A1E7A4F7556}") = "OOP1", "OOP1\OOP1.csproj", "{182FDF2F-1492-49F5-8C7B-FA4BF1BC1411}"
EndProject
Project("{9A19103F-16F7-4668-BE54-9A1E7A4F7556}") = "Koleksiyonlar", "Koleksiyonlar\Koleksiyonlar.csproj", "{0B240CBB-10A8-498B-9B0E-43F03289334B}"
EndProject
Project("{9A19103F-16F7-4668-BE54-9A1E7A4F7556}") = "GenericsIntro", "GenericsIntro\GenericsIntro.csproj", "{A8F397D3-0938-4537-B7FD-0364068DEB89}"
EndProject
Project("{FAE04EC0-301F-11D3-BF4B-00C04F79EFBC}") = "Oop2", "Oop2\Oop2.csproj", "{906E4CFA-56B6-49DF-8B5A-C8CFC2C74586}"
EndProject
Project("{FAE04EC0-301F-11D3-BF4B-00C04F79EFBC}") = "OOP3", "OOP3\OOP3.csproj", "{B054A137-6DCB-411B-963A-A7CDD28490A1}"
EndProject
Global
	GlobalSection(SolutionConfigurationPlatforms) = preSolution
		Debug|Any CPU = Debug|Any CPU
		Release|Any CPU = Release|Any CPU
	EndGlobalSection
	GlobalSection(ProjectConfigurationPlatforms) = postSolution
		{182FDF2F-1492-49F5-8C7B-FA4BF1BC1411}.Debug|Any CPU.ActiveCfg = Debug|Any CPU
		{182FDF2F-1492-49F5-8C7B-FA4BF1BC1411}.Debug|Any CPU.Build.0 = Debug|Any CPU
		{182FDF2F-1492-49F5-8C7B-FA4BF1BC1411}.Release|Any CPU.ActiveCfg = Release|Any CPU
		{182FDF2F-1492-49F5-8C7B-FA4BF1BC1411}.Release|Any CPU.Build.0 = Release|Any CPU
		{0B240CBB-10A8-498B-9B0E-43F03289334B}.Debug|Any CPU.ActiveCfg = Debug|Any CPU
		{0B240CBB-10A8-498B-9B0E-43F03289334B}.Debug|Any CPU.Build.0 = Debug|Any CPU
		{0B240CBB-10A8-498B-9B0E-43F03289334B}.Release|Any CPU.ActiveCfg = Release|Any CPU
		{0B240CBB-10A8-498B-9B0E-43F03289334B}.Release|Any CPU.Build.0 = Release|Any CPU
		{A8F397D3-0938-4537-B7FD-0364068DEB89}.Debug|Any CPU.ActiveCfg = Debug|Any CPU
		{A8F397D3-0938-4537-B7FD-0364068DEB89}.Debug|Any CPU.Build.0 = Debug|Any CPU
		{A8F397D3-0938-4537-B7FD-0364068DEB89}.Release|Any CPU.ActiveCfg = Release|Any CPU
		{A8F397D3-0938-4537-B7FD-0364068DEB89}.Release|Any CPU.Build.0 = Release|Any CPU
		{906E4CFA-56B6-49DF-8B5A-C8CFC2C74586}.Debug|Any CPU.ActiveCfg = Debug|Any CPU
		{906E4CFA-56B6-49DF-8B5A-C8CFC2C74586}.Debug|Any CPU.Build.0 = Debug|Any CPU
		{906E4CFA-56B6-49DF-8B5A-C8CFC2C74586}.Release|Any CPU.ActiveCfg = Release|Any CPU
		{906E4CFA-56B6-49DF-8B5A-C8CFC2C74586}.Release|Any CPU.Build.0 = Release|Any CPU
		{B054A137-6DCB-411B-963A-A7CDD28490A1}.Debug|Any CPU.ActiveCfg = Debug|Any CPU
		{B054A137-6DCB-411B-963A-A7CDD28490A1}.Debug|Any CPU.Build.0 = Debug|Any CPU
		{B054A137-6DCB-411B-963A-A7CDD28490A1}.Release|Any CPU.ActiveCfg = Release|Any CPU
		{B054A137-6DCB-411B-963A-A7CDD28490A1}.Release|Any CPU.Build.0 = Release|Any CPU
	EndGlobalSection
	GlobalSection(SolutionProperties) = preSolution
		HideSolutionNode = FALSE
	EndGlobalSection
	GlobalSection(ExtensibilityGlobals) = postSolution
		SolutionGuid = {0149C410-B869-4EC0-BE88-975507A64A5B}
	EndGlobalSection
EndGlobal
